
Microsoft Visual Studio Solution File, Format Version 12.00
# Visual Studio 15
VisualStudioVersion = 15.0.28307.168
MinimumVisualStudioVersion = 10.0.40219.1
Project("{FAE04EC0-301F-11D3-BF4B-00C04F79EFBC}") = "Day13", "Day13\Day13.csproj", "{100C25AA-89E9-4228-BD58-1D0EECA5E08C}"
EndProject
Global
	GlobalSection(SolutionConfigurationPlatforms) = preSolution
		Debug|Any CPU = Debug|Any CPU
		Release|Any CPU = Release|Any CPU
	EndGlobalSection
	GlobalSection(ProjectConfigurationPlatforms) = postSolution
		{100C25AA-89E9-4228-BD58-1D0EECA5E08C}.Debug|Any CPU.ActiveCfg = Debug|Any CPU
		{100C25AA-89E9-4228-BD58-1D0EECA5E08C}.Debug|Any CPU.Build.0 = Debug|Any CPU
		{100C25AA-89E9-4228-BD58-1D0EECA5E08C}.Release|Any CPU.ActiveCfg = Release|Any CPU
		{100C25AA-89E9-4228-BD58-1D0EECA5E08C}.Release|Any CPU.Build.0 = Release|Any CPU
	EndGlobalSection
	GlobalSection(SolutionProperties) = preSolution
		HideSolutionNode = FALSE
	EndGlobalSection
	GlobalSection(ExtensibilityGlobals) = postSolution
		SolutionGuid = {86A46997-B90D-4D8C-BF42-7237F68CC843}
	EndGlobalSection
EndGlobal
