
Microsoft Visual Studio Solution File, Format Version 12.00
# Visual Studio 15
VisualStudioVersion = 15.0.28307.168
MinimumVisualStudioVersion = 10.0.40219.1
Project("{FAE04EC0-301F-11D3-BF4B-00C04F79EFBC}") = "Day12", "Day12\Day12.csproj", "{3AD20DFE-BA49-4BDC-97FA-507074399490}"
EndProject
Global
	GlobalSection(SolutionConfigurationPlatforms) = preSolution
		Debug|Any CPU = Debug|Any CPU
		Release|Any CPU = Release|Any CPU
	EndGlobalSection
	GlobalSection(ProjectConfigurationPlatforms) = postSolution
		{3AD20DFE-BA49-4BDC-97FA-507074399490}.Debug|Any CPU.ActiveCfg = Debug|Any CPU
		{3AD20DFE-BA49-4BDC-97FA-507074399490}.Debug|Any CPU.Build.0 = Debug|Any CPU
		{3AD20DFE-BA49-4BDC-97FA-507074399490}.Release|Any CPU.ActiveCfg = Release|Any CPU
		{3AD20DFE-BA49-4BDC-97FA-507074399490}.Release|Any CPU.Build.0 = Release|Any CPU
	EndGlobalSection
	GlobalSection(SolutionProperties) = preSolution
		HideSolutionNode = FALSE
	EndGlobalSection
	GlobalSection(ExtensibilityGlobals) = postSolution
		SolutionGuid = {9270BC9C-BD97-4311-B4E4-6679072BFFB1}
	EndGlobalSection
EndGlobal
